
Microsoft Visual Studio Solution File, Format Version 12.00
# Visual Studio Version 17
VisualStudioVersion = 17.1.32228.430
MinimumVisualStudioVersion = 10.0.40219.1
Project("{8BC9CEB8-8B4A-11D0-8D11-00A0C91BC942}") = "PP01", "PP01\PP01.vcxproj", "{BFDA9BCE-7FA2-4EFB-95BA-892A4DC95F84}"
EndProject
Project("{8BC9CEB8-8B4A-11D0-8D11-00A0C91BC942}") = "PP02", "PP02\PP02.vcxproj", "{8F04D2D0-C97F-4C15-B2CA-BB3A6E4F9047}"
EndProject
Project("{8BC9CEB8-8B4A-11D0-8D11-00A0C91BC942}") = "PP03", "PP03\PP03.vcxproj", "{19F54739-F4CB-4744-B090-28B2154F803C}"
EndProject
Project("{8BC9CEB8-8B4A-11D0-8D11-00A0C91BC942}") = "PP04", "PP04\PP04.vcxproj", "{60EB8019-CC88-4966-9538-04CDA64B168A}"
EndProject
Project("{8BC9CEB8-8B4A-11D0-8D11-00A0C91BC942}") = "PP05", "PP05\PP05.vcxproj", "{83F7FF3B-400E-4BB5-A2AC-239A356FA7AB}"
EndProject
Project("{8BC9CEB8-8B4A-11D0-8D11-00A0C91BC942}") = "PP06-Template", "PP06-Templat\PP06-Templat.vcxproj", "{8A0A36AE-E714-45EC-9162-063644584F3E}"
EndProject
Project("{8BC9CEB8-8B4A-11D0-8D11-00A0C91BC942}") = "PP07-GLFW", "PP07-GLFW\PP07-GLFW.vcxproj", "{826BA86E-A20A-4D66-98E1-D80D6525E954}"
EndProject
Project("{8BC9CEB8-8B4A-11D0-8D11-00A0C91BC942}") = "PP08-OpenGLnGLM", "PP08-OpenGLnGLM\PP08-OpenGLnGLM.vcxproj", "{E77BFE56-3B93-49AD-A2EA-B41F30DFDAEC}"
EndProject
Project("{8BC9CEB8-8B4A-11D0-8D11-00A0C91BC942}") = "PP11", "PP11\PP11.vcxproj", "{823C6C5A-B4FC-40CA-919C-531D92473518}"
EndProject
Global
	GlobalSection(SolutionConfigurationPlatforms) = preSolution
		Debug|x64 = Debug|x64
		Debug|x86 = Debug|x86
		Release|x64 = Release|x64
		Release|x86 = Release|x86
	EndGlobalSection
	GlobalSection(ProjectConfigurationPlatforms) = postSolution
		{BFDA9BCE-7FA2-4EFB-95BA-892A4DC95F84}.Debug|x64.ActiveCfg = Debug|x64
		{BFDA9BCE-7FA2-4EFB-95BA-892A4DC95F84}.Debug|x64.Build.0 = Debug|x64
		{BFDA9BCE-7FA2-4EFB-95BA-892A4DC95F84}.Debug|x86.ActiveCfg = Debug|Win32
		{BFDA9BCE-7FA2-4EFB-95BA-892A4DC95F84}.Debug|x86.Build.0 = Debug|Win32
		{BFDA9BCE-7FA2-4EFB-95BA-892A4DC95F84}.Release|x64.ActiveCfg = Release|x64
		{BFDA9BCE-7FA2-4EFB-95BA-892A4DC95F84}.Release|x64.Build.0 = Release|x64
		{BFDA9BCE-7FA2-4EFB-95BA-892A4DC95F84}.Release|x86.ActiveCfg = Release|Win32
		{BFDA9BCE-7FA2-4EFB-95BA-892A4DC95F84}.Release|x86.Build.0 = Release|Win32
		{8F04D2D0-C97F-4C15-B2CA-BB3A6E4F9047}.Debug|x64.ActiveCfg = Debug|x64
		{8F04D2D0-C97F-4C15-B2CA-BB3A6E4F9047}.Debug|x64.Build.0 = Debug|x64
		{8F04D2D0-C97F-4C15-B2CA-BB3A6E4F9047}.Debug|x86.ActiveCfg = Debug|Win32
		{8F04D2D0-C97F-4C15-B2CA-BB3A6E4F9047}.Debug|x86.Build.0 = Debug|Win32
		{8F04D2D0-C97F-4C15-B2CA-BB3A6E4F9047}.Release|x64.ActiveCfg = Release|x64
		{8F04D2D0-C97F-4C15-B2CA-BB3A6E4F9047}.Release|x64.Build.0 = Release|x64
		{8F04D2D0-C97F-4C15-B2CA-BB3A6E4F9047}.Release|x86.ActiveCfg = Release|Win32
		{8F04D2D0-C97F-4C15-B2CA-BB3A6E4F9047}.Release|x86.Build.0 = Release|Win32
		{19F54739-F4CB-4744-B090-28B2154F803C}.Debug|x64.ActiveCfg = Debug|x64
		{19F54739-F4CB-4744-B090-28B2154F803C}.Debug|x64.Build.0 = Debug|x64
		{19F54739-F4CB-4744-B090-28B2154F803C}.Debug|x86.ActiveCfg = Debug|Win32
		{19F54739-F4CB-4744-B090-28B2154F803C}.Debug|x86.Build.0 = Debug|Win32
		{19F54739-F4CB-4744-B090-28B2154F803C}.Release|x64.ActiveCfg = Release|x64
		{19F54739-F4CB-4744-B090-28B2154F803C}.Release|x64.Build.0 = Release|x64
		{19F54739-F4CB-4744-B090-28B2154F803C}.Release|x86.ActiveCfg = Release|Win32
		{19F54739-F4CB-4744-B090-28B2154F803C}.Release|x86.Build.0 = Release|Win32
		{60EB8019-CC88-4966-9538-04CDA64B168A}.Debug|x64.ActiveCfg = Debug|x64
		{60EB8019-CC88-4966-9538-04CDA64B168A}.Debug|x64.Build.0 = Debug|x64
		{60EB8019-CC88-4966-9538-04CDA64B168A}.Debug|x86.ActiveCfg = Debug|Win32
		{60EB8019-CC88-4966-9538-04CDA64B168A}.Debug|x86.Build.0 = Debug|Win32
		{60EB8019-CC88-4966-9538-04CDA64B168A}.Release|x64.ActiveCfg = Release|x64
		{60EB8019-CC88-4966-9538-04CDA64B168A}.Release|x64.Build.0 = Release|x64
		{60EB8019-CC88-4966-9538-04CDA64B168A}.Release|x86.ActiveCfg = Release|Win32
		{60EB8019-CC88-4966-9538-04CDA64B168A}.Release|x86.Build.0 = Release|Win32
		{83F7FF3B-400E-4BB5-A2AC-239A356FA7AB}.Debug|x64.ActiveCfg = Debug|x64
		{83F7FF3B-400E-4BB5-A2AC-239A356FA7AB}.Debug|x64.Build.0 = Debug|x64
		{83F7FF3B-400E-4BB5-A2AC-239A356FA7AB}.Debug|x86.ActiveCfg = Debug|Win32
		{83F7FF3B-400E-4BB5-A2AC-239A356FA7AB}.Debug|x86.Build.0 = Debug|Win32
		{83F7FF3B-400E-4BB5-A2AC-239A356FA7AB}.Release|x64.ActiveCfg = Release|x64
		{83F7FF3B-400E-4BB5-A2AC-239A356FA7AB}.Release|x64.Build.0 = Release|x64
		{83F7FF3B-400E-4BB5-A2AC-239A356FA7AB}.Release|x86.ActiveCfg = Release|Win32
		{83F7FF3B-400E-4BB5-A2AC-239A356FA7AB}.Release|x86.Build.0 = Release|Win32
		{8A0A36AE-E714-45EC-9162-063644584F3E}.Debug|x64.ActiveCfg = Debug|x64
		{8A0A36AE-E714-45EC-9162-063644584F3E}.Debug|x64.Build.0 = Debug|x64
		{8A0A36AE-E714-45EC-9162-063644584F3E}.Debug|x86.ActiveCfg = Debug|Win32
		{8A0A36AE-E714-45EC-9162-063644584F3E}.Debug|x86.Build.0 = Debug|Win32
		{8A0A36AE-E714-45EC-9162-063644584F3E}.Release|x64.ActiveCfg = Release|x64
		{8A0A36AE-E714-45EC-9162-063644584F3E}.Release|x64.Build.0 = Release|x64
		{8A0A36AE-E714-45EC-9162-063644584F3E}.Release|x86.ActiveCfg = Release|Win32
		{8A0A36AE-E714-45EC-9162-063644584F3E}.Release|x86.Build.0 = Release|Win32
		{826BA86E-A20A-4D66-98E1-D80D6525E954}.Debug|x64.ActiveCfg = Debug|x64
		{826BA86E-A20A-4D66-98E1-D80D6525E954}.Debug|x64.Build.0 = Debug|x64
		{826BA86E-A20A-4D66-98E1-D80D6525E954}.Debug|x86.ActiveCfg = Debug|Win32
		{826BA86E-A20A-4D66-98E1-D80D6525E954}.Debug|x86.Build.0 = Debug|Win32
		{826BA86E-A20A-4D66-98E1-D80D6525E954}.Release|x64.ActiveCfg = Release|x64
		{826BA86E-A20A-4D66-98E1-D80D6525E954}.Release|x64.Build.0 = Release|x64
		{826BA86E-A20A-4D66-98E1-D80D6525E954}.Release|x86.ActiveCfg = Release|Win32
		{826BA86E-A20A-4D66-98E1-D80D6525E954}.Release|x86.Build.0 = Release|Win32
		{E77BFE56-3B93-49AD-A2EA-B41F30DFDAEC}.Debug|x64.ActiveCfg = Debug|x64
		{E77BFE56-3B93-49AD-A2EA-B41F30DFDAEC}.Debug|x64.Build.0 = Debug|x64
		{E77BFE56-3B93-49AD-A2EA-B41F30DFDAEC}.Debug|x86.ActiveCfg = Debug|Win32
		{E77BFE56-3B93-49AD-A2EA-B41F30DFDAEC}.Debug|x86.Build.0 = Debug|Win32
		{E77BFE56-3B93-49AD-A2EA-B41F30DFDAEC}.Release|x64.ActiveCfg = Release|x64
		{E77BFE56-3B93-49AD-A2EA-B41F30DFDAEC}.Release|x64.Build.0 = Release|x64
		{E77BFE56-3B93-49AD-A2EA-B41F30DFDAEC}.Release|x86.ActiveCfg = Release|Win32
		{E77BFE56-3B93-49AD-A2EA-B41F30DFDAEC}.Release|x86.Build.0 = Release|Win32
		{823C6C5A-B4FC-40CA-919C-531D92473518}.Debug|x64.ActiveCfg = Debug|x64
		{823C6C5A-B4FC-40CA-919C-531D92473518}.Debug|x64.Build.0 = Debug|x64
		{823C6C5A-B4FC-40CA-919C-531D92473518}.Debug|x86.ActiveCfg = Debug|Win32
		{823C6C5A-B4FC-40CA-919C-531D92473518}.Debug|x86.Build.0 = Debug|Win32
		{823C6C5A-B4FC-40CA-919C-531D92473518}.Release|x64.ActiveCfg = Release|x64
		{823C6C5A-B4FC-40CA-919C-531D92473518}.Release|x64.Build.0 = Release|x64
		{823C6C5A-B4FC-40CA-919C-531D92473518}.Release|x86.ActiveCfg = Release|Win32
		{823C6C5A-B4FC-40CA-919C-531D92473518}.Release|x86.Build.0 = Release|Win32
	EndGlobalSection
	GlobalSection(SolutionProperties) = preSolution
		HideSolutionNode = FALSE
	EndGlobalSection
	GlobalSection(ExtensibilityGlobals) = postSolution
		SolutionGuid = {676F2E21-3A5D-4A40-912A-BA5FC68A5A48}
	EndGlobalSection
EndGlobal
